
Microsoft Visual Studio Solution File, Format Version 12.00
# Visual Studio Version 17
VisualStudioVersion = 17.6.33815.320
MinimumVisualStudioVersion = 10.0.40219.1
Project("{9A19103F-16F7-4668-BE54-9A1E7A4F7556}") = "ProyectoFinal.API", "ProyectoFinal.API\ProyectoFinal.API.csproj", "{3FBF362D-AA31-44BA-A532-CB3706F6922A}"
EndProject
Project("{9A19103F-16F7-4668-BE54-9A1E7A4F7556}") = "ProyectoFinal.Application", "ProyectoFinal.Application\ProyectoFinal.Application.csproj", "{35E7E707-1D5C-40F7-B8FE-0683C8791EB0}"
EndProject
Project("{9A19103F-16F7-4668-BE54-9A1E7A4F7556}") = "ProyectoFinal.Infraestructure", "ProyectoFinal.Infraestructure\ProyectoFinal.Infraestructure.csproj", "{DF205236-38BA-4A66-8186-4E9E41E3A32C}"
EndProject
Project("{9A19103F-16F7-4668-BE54-9A1E7A4F7556}") = "ProyectoFinal.Domain", "ProyectoFinal.Domain\ProyectoFinal.Domain.csproj", "{ED13BBDE-1976-4718-B10A-137EF374A698}"
EndProject
Project("{FAE04EC0-301F-11D3-BF4B-00C04F79EFBC}") = "ProyectoFinal.Test", "ProyectoFinal.Test\ProyectoFinal.Test.csproj", "{37544CEA-B7F4-46B8-8432-0413BD60F82D}"
EndProject
Global
	GlobalSection(SolutionConfigurationPlatforms) = preSolution
		Debug|Any CPU = Debug|Any CPU
		Release|Any CPU = Release|Any CPU
	EndGlobalSection
	GlobalSection(ProjectConfigurationPlatforms) = postSolution
		{3FBF362D-AA31-44BA-A532-CB3706F6922A}.Debug|Any CPU.ActiveCfg = Debug|Any CPU
		{3FBF362D-AA31-44BA-A532-CB3706F6922A}.Debug|Any CPU.Build.0 = Debug|Any CPU
		{3FBF362D-AA31-44BA-A532-CB3706F6922A}.Release|Any CPU.ActiveCfg = Release|Any CPU
		{3FBF362D-AA31-44BA-A532-CB3706F6922A}.Release|Any CPU.Build.0 = Release|Any CPU
		{35E7E707-1D5C-40F7-B8FE-0683C8791EB0}.Debug|Any CPU.ActiveCfg = Debug|Any CPU
		{35E7E707-1D5C-40F7-B8FE-0683C8791EB0}.Debug|Any CPU.Build.0 = Debug|Any CPU
		{35E7E707-1D5C-40F7-B8FE-0683C8791EB0}.Release|Any CPU.ActiveCfg = Release|Any CPU
		{35E7E707-1D5C-40F7-B8FE-0683C8791EB0}.Release|Any CPU.Build.0 = Release|Any CPU
		{DF205236-38BA-4A66-8186-4E9E41E3A32C}.Debug|Any CPU.ActiveCfg = Debug|Any CPU
		{DF205236-38BA-4A66-8186-4E9E41E3A32C}.Debug|Any CPU.Build.0 = Debug|Any CPU
		{DF205236-38BA-4A66-8186-4E9E41E3A32C}.Release|Any CPU.ActiveCfg = Release|Any CPU
		{DF205236-38BA-4A66-8186-4E9E41E3A32C}.Release|Any CPU.Build.0 = Release|Any CPU
		{ED13BBDE-1976-4718-B10A-137EF374A698}.Debug|Any CPU.ActiveCfg = Debug|Any CPU
		{ED13BBDE-1976-4718-B10A-137EF374A698}.Debug|Any CPU.Build.0 = Debug|Any CPU
		{ED13BBDE-1976-4718-B10A-137EF374A698}.Release|Any CPU.ActiveCfg = Release|Any CPU
		{ED13BBDE-1976-4718-B10A-137EF374A698}.Release|Any CPU.Build.0 = Release|Any CPU
		{37544CEA-B7F4-46B8-8432-0413BD60F82D}.Debug|Any CPU.ActiveCfg = Debug|Any CPU
		{37544CEA-B7F4-46B8-8432-0413BD60F82D}.Debug|Any CPU.Build.0 = Debug|Any CPU
		{37544CEA-B7F4-46B8-8432-0413BD60F82D}.Release|Any CPU.ActiveCfg = Release|Any CPU
		{37544CEA-B7F4-46B8-8432-0413BD60F82D}.Release|Any CPU.Build.0 = Release|Any CPU
	EndGlobalSection
	GlobalSection(SolutionProperties) = preSolution
		HideSolutionNode = FALSE
	EndGlobalSection
	GlobalSection(ExtensibilityGlobals) = postSolution
		SolutionGuid = {78543842-56DE-4F37-89A7-31344336748C}
	EndGlobalSection
EndGlobal
